
Microsoft Visual Studio Solution File, Format Version 12.00
# Visual Studio Version 16
VisualStudioVersion = 16.0.31205.134
MinimumVisualStudioVersion = 10.0.40219.1
Project("{9A19103F-16F7-4668-BE54-9A1E7A4F7556}") = "NanoXLSX.Core", "NanoXLSX.Core\NanoXLSX.Core.csproj", "{A70E40AA-98C1-453A-8030-B4798A89EBFC}"
EndProject
Project("{2150E333-8FDC-42A3-9474-1A3956D46DE8}") = "Solution Items", "Solution Items", "{B02BD3FD-D442-49D4-870B-D59532568417}"
	ProjectSection(SolutionItems) = preProject
		Changelog.md = Changelog.md
		LICENSE = LICENSE
		README.md = README.md
	EndProjectSection
EndProject
Project("{7CF6DF6D-3B04-46F8-A40B-537D21BCA0B4}") = "CodeDocumentation", "Documentation\CodeDocumentation.shfbproj", "{DA885E7F-9583-4B8A-8D51-AD2B0DBAC1C0}"
EndProject
Project("{9A19103F-16F7-4668-BE54-9A1E7A4F7556}") = "NanoXLSX.Core.Test", "NanoXLSX.Core.Test\NanoXLSX.Core.Test.csproj", "{62E81C9A-2275-40C6-95AB-80AC4ACCE22E}"
EndProject
Project("{9A19103F-16F7-4668-BE54-9A1E7A4F7556}") = "NanoXLSX.Shared", "NanoXLSX.Shared\NanoXLSX.Shared.csproj", "{5FABDD94-D8AD-4EF2-8A31-727BD6475AD2}"
EndProject
Project("{9A19103F-16F7-4668-BE54-9A1E7A4F7556}") = "NanoXLSX.Shared.Test", "NanoXLSX.Shared.Test\NanoXLSX.Shared.Test.csproj", "{04C9B02F-B107-4C0A-8936-3A45AED6AA87}"
EndProject
Global
	GlobalSection(SolutionConfigurationPlatforms) = preSolution
		Debug|Any CPU = Debug|Any CPU
		Release|Any CPU = Release|Any CPU
	EndGlobalSection
	GlobalSection(ProjectConfigurationPlatforms) = postSolution
		{A70E40AA-98C1-453A-8030-B4798A89EBFC}.Debug|Any CPU.ActiveCfg = Debug|Any CPU
		{A70E40AA-98C1-453A-8030-B4798A89EBFC}.Debug|Any CPU.Build.0 = Debug|Any CPU
		{A70E40AA-98C1-453A-8030-B4798A89EBFC}.Release|Any CPU.ActiveCfg = Release|Any CPU
		{A70E40AA-98C1-453A-8030-B4798A89EBFC}.Release|Any CPU.Build.0 = Release|Any CPU
		{DA885E7F-9583-4B8A-8D51-AD2B0DBAC1C0}.Debug|Any CPU.ActiveCfg = Debug|Any CPU
		{DA885E7F-9583-4B8A-8D51-AD2B0DBAC1C0}.Release|Any CPU.ActiveCfg = Release|Any CPU
		{62E81C9A-2275-40C6-95AB-80AC4ACCE22E}.Debug|Any CPU.ActiveCfg = Debug|Any CPU
		{62E81C9A-2275-40C6-95AB-80AC4ACCE22E}.Debug|Any CPU.Build.0 = Debug|Any CPU
		{62E81C9A-2275-40C6-95AB-80AC4ACCE22E}.Release|Any CPU.ActiveCfg = Release|Any CPU
		{62E81C9A-2275-40C6-95AB-80AC4ACCE22E}.Release|Any CPU.Build.0 = Release|Any CPU
		{5FABDD94-D8AD-4EF2-8A31-727BD6475AD2}.Debug|Any CPU.ActiveCfg = Debug|Any CPU
		{5FABDD94-D8AD-4EF2-8A31-727BD6475AD2}.Debug|Any CPU.Build.0 = Debug|Any CPU
		{5FABDD94-D8AD-4EF2-8A31-727BD6475AD2}.Release|Any CPU.ActiveCfg = Release|Any CPU
		{5FABDD94-D8AD-4EF2-8A31-727BD6475AD2}.Release|Any CPU.Build.0 = Release|Any CPU
		{04C9B02F-B107-4C0A-8936-3A45AED6AA87}.Debug|Any CPU.ActiveCfg = Debug|Any CPU
		{04C9B02F-B107-4C0A-8936-3A45AED6AA87}.Debug|Any CPU.Build.0 = Debug|Any CPU
		{04C9B02F-B107-4C0A-8936-3A45AED6AA87}.Release|Any CPU.ActiveCfg = Release|Any CPU
		{04C9B02F-B107-4C0A-8936-3A45AED6AA87}.Release|Any CPU.Build.0 = Release|Any CPU
	EndGlobalSection
	GlobalSection(SolutionProperties) = preSolution
		HideSolutionNode = FALSE
	EndGlobalSection
	GlobalSection(ExtensibilityGlobals) = postSolution
		SolutionGuid = {C81EC310-9937-44A1-A460-3BC295E092ED}
	EndGlobalSection
EndGlobal
